
Microsoft Visual Studio Solution File, Format Version 12.00
# Visual Studio Version 17
VisualStudioVersion = 17.5.002.0
MinimumVisualStudioVersion = 10.0.40219.1
Project("{9A19103F-16F7-4668-BE54-9A1E7A4F7556}") = "day08", "day08.csproj", "{79A33A12-5158-4AD7-A871-A99FF752EF38}"
EndProject
Global
	GlobalSection(SolutionConfigurationPlatforms) = preSolution
		Debug|Any CPU = Debug|Any CPU
		Release|Any CPU = Release|Any CPU
	EndGlobalSection
	GlobalSection(ProjectConfigurationPlatforms) = postSolution
		{79A33A12-5158-4AD7-A871-A99FF752EF38}.Debug|Any CPU.ActiveCfg = Debug|Any CPU
		{79A33A12-5158-4AD7-A871-A99FF752EF38}.Debug|Any CPU.Build.0 = Debug|Any CPU
		{79A33A12-5158-4AD7-A871-A99FF752EF38}.Release|Any CPU.ActiveCfg = Release|Any CPU
		{79A33A12-5158-4AD7-A871-A99FF752EF38}.Release|Any CPU.Build.0 = Release|Any CPU
	EndGlobalSection
	GlobalSection(SolutionProperties) = preSolution
		HideSolutionNode = FALSE
	EndGlobalSection
	GlobalSection(ExtensibilityGlobals) = postSolution
		SolutionGuid = {A54F814B-0B4E-4750-8D96-0D72FBA19897}
	EndGlobalSection
EndGlobal
